# THIS IS AN AUTOGENERATED FILE. DO NOT EDIT THIS FILE DIRECTLY.
# yarn lockfile v1


"@emmetio/abbreviation@^2.2.3":
  version "2.2.3"
  resolved "https://registry.npmjs.org/@emmetio/abbreviation/-/abbreviation-2.2.3.tgz"
  integrity sha512-87pltuCPt99aL+y9xS6GPZ+Wmmyhll2WXH73gG/xpGcQ84DRnptBsI2r0BeIQ0EB/SQTOe2ANPqFqj3Rj5FOGA==
  dependencies:
    "@emmetio/scanner" "^1.0.0"

"@emmetio/css-abbreviation@^2.1.4":
  version "2.1.4"
  resolved "https://registry.npmjs.org/@emmetio/css-abbreviation/-/css-abbreviation-2.1.4.tgz"
  integrity sha512-qk9L60Y+uRtM5CPbB0y+QNl/1XKE09mSO+AhhSauIfr2YOx/ta3NJw2d8RtCFxgzHeRqFRr8jgyzThbu+MZ4Uw==
  dependencies:
    "@emmetio/scanner" "^1.0.0"

"@emmetio/scanner@^1.0.0":
  version "1.0.0"
  resolved "https://registry.npmjs.org/@emmetio/scanner/-/scanner-1.0.0.tgz"
  integrity sha512-8HqW8EVqjnCmWXVpqAOZf+EGESdkR27odcMMMGefgKXtar00SoYNSryGv//TELI4T3QFsECo78p+0lmalk/CFA==

"@nodelib/fs.scandir@2.1.5":
  version "2.1.5"
  resolved "https://registry.npmjs.org/@nodelib/fs.scandir/-/fs.scandir-2.1.5.tgz"
  integrity sha512-vq24Bq3ym5HEQm2NKCr3yXDwjc7vTsEThRDnkp2DK9p1uqLR+DHurm/NOTo0KG7HYHU7eppKZj3MyqYuMBf62g==
  dependencies:
    "@nodelib/fs.stat" "2.0.5"
    run-parallel "^1.1.9"

"@nodelib/fs.stat@2.0.5", "@nodelib/fs.stat@^2.0.2":
  version "2.0.5"
  resolved "https://registry.npmjs.org/@nodelib/fs.stat/-/fs.stat-2.0.5.tgz"
  integrity sha512-RkhPPp2zrqDAQA/2jNhnztcPAlv64XdhIp7a7454A5ovI7Bukxgt7MX7udwAu3zg1DcpPU0rz3VV1SeaqvY4+A==

"@nodelib/fs.walk@^1.2.3":
  version "1.2.8"
  resolved "https://registry.npmjs.org/@nodelib/fs.walk/-/fs.walk-1.2.8.tgz"
  integrity sha512-oGB+UxlgWcgQkgwo8GcEGwemoTFt3FIO9ababBmaGwXIoBKZ+GTy0pP185beGg7Llih/NSHSV2XAs1lnznocSg==
  dependencies:
    "@nodelib/fs.scandir" "2.1.5"
    fastq "^1.6.0"

"@tsconfig/node12@^1.0.0":
  version "1.0.0"
  resolved "https://registry.npmjs.org/@tsconfig/node12/-/node12-1.0.0.tgz"
  integrity sha512-5yHnOI3nejtG2Ak55PRb4SduB14LNMZhihTI0zpKQBCVVuB4h7H1enwoDwhY/8/hC9aPIY8DeZTJzQpk2kZOGA==

"@types/lodash@4.14.168":
  version "4.14.168"
  resolved "https://registry.npmjs.org/@types/lodash/-/lodash-4.14.168.tgz"
  integrity sha512-oVfRvqHV/V6D1yifJbVRU3TMp8OT6o6BG+U9MkwuJ3U8/CsDHvalRpsxBqivn71ztOFZBTfJMvETbqHiaNSj7Q==

"@types/node@*", "@types/node@10.12.0":
  version "10.12.0"
  resolved "https://registry.npmjs.org/@types/node/-/node-10.12.0.tgz"
  integrity sha512-3TUHC3jsBAB7qVRGxT6lWyYo2v96BMmD2PTcl47H25Lu7UXtFH/2qqmKiVrnel6Ne//0TFYf6uvNX+HW2FRkLQ==

"@types/pug@^2.0.4":
  version "2.0.6"
  resolved "https://registry.npmjs.org/@types/pug/-/pug-2.0.6.tgz"
  integrity sha512-SnHmG9wN1UVmagJOnyo/qkk0Z7gejYxOYYmaAwr5u2yFYfsupN3sg10kyzN8Hep/2zbHxCnsumxOoRIRMBwKCg==

"@types/sass@^1.16.0":
  version "1.16.0"
  resolved "https://registry.npmjs.org/@types/sass/-/sass-1.16.0.tgz"
  integrity sha512-2XZovu4NwcqmtZtsBR5XYLw18T8cBCnU2USFHTnYLLHz9fkhnoEMoDsqShJIOFsFhn5aJHjweiUUdTrDGujegA==
  dependencies:
    "@types/node" "*"

anymatch@~3.1.2:
  version "3.1.2"
  resolved "https://registry.npmjs.org/anymatch/-/anymatch-3.1.2.tgz"
  integrity sha512-P43ePfOAIupkguHUycrc4qJ9kz8ZiuOUijaETwX7THt0Y/GNK7v0aa8rY816xWjZ7rJdA5XdMcpVFTKMq+RvWg==
  dependencies:
    normalize-path "^3.0.0"
    picomatch "^2.0.4"

argparse@^1.0.7:
  version "1.0.10"
  resolved "https://registry.npmjs.org/argparse/-/argparse-1.0.10.tgz"
  integrity sha512-o5Roy6tNG4SL/FOkCAN6RzjiakZS25RLYFrcMttJqbdd8BWrnA+fGz57iN5Pb06pvBGvl5gQ0B48dJlslXvoTg==
  dependencies:
    sprintf-js "~1.0.2"

balanced-match@^1.0.0:
  version "1.0.0"
  resolved "https://registry.npmjs.org/balanced-match/-/balanced-match-1.0.0.tgz"
  integrity sha1-ibTRmasr7kneFk6gK4nORi1xt2c=

binary-extensions@^2.0.0:
  version "2.2.0"
  resolved "https://registry.npmjs.org/binary-extensions/-/binary-extensions-2.2.0.tgz"
  integrity sha512-jDctJ/IVQbZoJykoeHbhXpOlNBqGNcwXJKJog42E5HDPUwQTSdjCHdihjj0DlnheQ7blbT6dHOafNAiS8ooQKA==

brace-expansion@^1.1.7:
  version "1.1.11"
  resolved "https://registry.npmjs.org/brace-expansion/-/brace-expansion-1.1.11.tgz"
  integrity sha512-iCuPHDFgrHX7H2vEI/5xpz07zSHB00TpugqhmYtVmMO6518mCuRMoOYFldEBl0g187ufozdaHgWKcYFb61qGiA==
  dependencies:
    balanced-match "^1.0.0"
    concat-map "0.0.1"

braces@^3.0.2, braces@~3.0.2:
  version "3.0.2"
  resolved "https://registry.npmjs.org/braces/-/braces-3.0.2.tgz"
  integrity sha512-b8um+L1RzM3WDSzvhm6gIz1yfTbBt6YTlcEKAvsmqCZZFw46z626lVj9j1yEPW33H5H+lBQpZMP1k8l+78Ha0A==
  dependencies:
    fill-range "^7.0.1"

buffer-crc32@^0.2.5:
  version "0.2.13"
  resolved "https://registry.npmjs.org/buffer-crc32/-/buffer-crc32-0.2.13.tgz"
  integrity sha1-DTM+PwDqxQqhRUq9MO+MKl2ackI=

chokidar@^3.4.1:
  version "3.5.2"
  resolved "https://registry.npmjs.org/chokidar/-/chokidar-3.5.2.tgz"
  integrity sha512-ekGhOnNVPgT77r4K/U3GDhu+FQ2S8TnK/s2KbIGXi0SZWuwkZ2QNyfWdZW+TVfn84DpEP7rLeCt2UI6bJ8GwbQ==
  dependencies:
    anymatch "~3.1.2"
    braces "~3.0.2"
    glob-parent "~5.1.2"
    is-binary-path "~2.1.0"
    is-glob "~4.0.1"
    normalize-path "~3.0.0"
    readdirp "~3.6.0"
  optionalDependencies:
    fsevents "~2.3.2"

coc.nvim@^0.0.80:
  version "0.0.80"
  resolved "https://registry.npmjs.org/coc.nvim/-/coc.nvim-0.0.80.tgz"
  integrity sha512-/3vTcnofoAYMrdENrlQmADTzfXX4+PZ0fiM10a39UA37dTR2dpIGi9O469kcIksuunLjToqWG8S45AGx/9wV7g==

concat-map@0.0.1:
  version "0.0.1"
  resolved "https://registry.npmjs.org/concat-map/-/concat-map-0.0.1.tgz"
  integrity sha1-2Klr13/Wjfd5OnMDajug1UBdR3s=

dedent-js@^1.0.1:
  version "1.0.1"
  resolved "https://registry.npmjs.org/dedent-js/-/dedent-js-1.0.1.tgz"
  integrity sha1-vuX7fJ5yfYXf+iRZDRDsGrElUwU=

detect-indent@^6.0.0:
  version "6.1.0"
  resolved "https://registry.npmjs.org/detect-indent/-/detect-indent-6.1.0.tgz"
  integrity sha512-reYkTUJAZb9gUuZ2RvVCNhVHdg62RHnJ7WJl8ftMi4diZ6NWlciOzQN88pUhSELEwflJht4oQDv0F0BMlwaYtA==

emmet@^2.3.0:
  version "2.3.6"
  resolved "https://registry.npmjs.org/emmet/-/emmet-2.3.6.tgz"
  integrity sha512-pLS4PBPDdxuUAmw7Me7+TcHbykTsBKN/S9XJbUOMFQrNv9MoshzyMFK/R57JBm94/6HSL4vHnDeEmxlC82NQ4A==
  dependencies:
    "@emmetio/abbreviation" "^2.2.3"
    "@emmetio/css-abbreviation" "^2.1.4"

es6-promise@^3.1.2:
  version "3.3.1"
  resolved "https://registry.npmjs.org/es6-promise/-/es6-promise-3.3.1.tgz"
  integrity sha1-oIzd6EzNvzTQJ6FFG8kdS80ophM=

esprima@^4.0.0:
  version "4.0.1"
  resolved "https://registry.npmjs.org/esprima/-/esprima-4.0.1.tgz"
  integrity sha512-eGuFFw7Upda+g4p+QHvnW0RyTX/SVeJBDM/gCtMARO0cLuT2HcEKnTPvhjV6aGeqrCB/sbNop0Kszm0jsaWU4A==

estree-walker@^2.0.1:
  version "2.0.2"
  resolved "https://registry.npmjs.org/estree-walker/-/estree-walker-2.0.2.tgz"
  integrity sha512-Rfkk/Mp/DL7JVje3u18FxFujQlTNR2q6QfMSMB7AvCBx91NGj/ba3kCfza0f6dVDbw7YlRf/nDrn7pQrCCyQ/w==

fast-glob@^3.2.7:
  version "3.2.11"
  resolved "https://registry.npmjs.org/fast-glob/-/fast-glob-3.2.11.tgz"
  integrity sha512-xrO3+1bxSo3ZVHAnqzyuewYT6aMFHRAd4Kcs92MAonjwQZLsK9d0SF1IyQ3k5PoirxTW0Oe/RqFgMQ6TcNE5Ew==
  dependencies:
    "@nodelib/fs.stat" "^2.0.2"
    "@nodelib/fs.walk" "^1.2.3"
    glob-parent "^5.1.2"
    merge2 "^1.3.0"
    micromatch "^4.0.4"

fastq@^1.6.0:
  version "1.13.0"
  resolved "https://registry.npmjs.org/fastq/-/fastq-1.13.0.tgz"
  integrity sha512-YpkpUnK8od0o1hmeSc7UUs/eB/vIPWJYjKck2QKIzAf71Vm1AAQ3EbuZB3g2JIy+pg+ERD0vqI79KyZiB2e2Nw==
  dependencies:
    reusify "^1.0.4"

fill-range@^7.0.1:
  version "7.0.1"
  resolved "https://registry.npmjs.org/fill-range/-/fill-range-7.0.1.tgz"
  integrity sha512-qOo9F+dMUmC2Lcb4BbVvnKJxTPjCm+RRpe4gDuGrzkL7mEVl/djYSu2OdQ2Pa302N4oqkSg9ir6jaLWJ2USVpQ==
  dependencies:
    to-regex-range "^5.0.1"

fs.realpath@^1.0.0:
  version "1.0.0"
  resolved "https://registry.npmjs.org/fs.realpath/-/fs.realpath-1.0.0.tgz"
  integrity sha1-FQStJSMVjKpA20onh8sBQRmU6k8=

fsevents@~2.3.2:
  version "2.3.2"
  resolved "https://registry.yarnpkg.com/fsevents/-/fsevents-2.3.2.tgz#8a526f78b8fdf4623b709e0b975c52c24c02fd1a"
  integrity sha512-xiqMQR4xAeHTuB9uWm+fFRcIOgKBMiOBP+eXiyT7jsgVCq1bkVygt00oASowB7EdtpOHaaPgKt812P9ab+DDKA==

glob-parent@^5.1.2, glob-parent@~5.1.2:
  version "5.1.2"
  resolved "https://registry.npmjs.org/glob-parent/-/glob-parent-5.1.2.tgz"
  integrity sha512-AOIgSQCepiJYwP3ARnGx+5VnTu2HBYdzbGP45eLw1vr3zB3vZLeyed1sC9hnbcOc9/SrMyM5RPQrkGz4aS9Zow==
  dependencies:
    is-glob "^4.0.1"

glob@^7.1.3:
  version "7.1.6"
  resolved "https://registry.npmjs.org/glob/-/glob-7.1.6.tgz"
  integrity sha512-LwaxwyZ72Lk7vZINtNNrywX0ZuLyStrdDtabefZKAY5ZGJhVtgdznluResxNmPitE0SAO+O26sWTHeKSI2wMBA==
  dependencies:
    fs.realpath "^1.0.0"
    inflight "^1.0.4"
    inherits "2"
    minimatch "^3.0.4"
    once "^1.3.0"
    path-is-absolute "^1.0.0"

graceful-fs@^4.1.3:
  version "4.2.10"
  resolved "https://registry.npmjs.org/graceful-fs/-/graceful-fs-4.2.10.tgz"
  integrity sha512-9ByhssR2fPVsNZj478qUUbKfmL0+t5BDVyjShtyZZLiK7ZDAArFFfopyOTj0M05wE2tJPisA4iTnnXl2YoPvOA==

inflight@^1.0.4:
  version "1.0.6"
  resolved "https://registry.npmjs.org/inflight/-/inflight-1.0.6.tgz"
  integrity sha1-Sb1jMdfQLQwJvJEKEHW6gWW1bfk=
  dependencies:
    once "^1.3.0"
    wrappy "1"

inherits@2:
  version "2.0.4"
  resolved "https://registry.npmjs.org/inherits/-/inherits-2.0.4.tgz"
  integrity sha512-k/vGaX4/Yla3WzyMCvTQOXYeIHvqOKtnqBduzTHpzpQZzAskKMhZ2K+EnBiSM9zGSoIFeMpXKxa4dYeZIQqewQ==

is-binary-path@~2.1.0:
  version "2.1.0"
  resolved "https://registry.npmjs.org/is-binary-path/-/is-binary-path-2.1.0.tgz"
  integrity sha512-ZMERYes6pDydyuGidse7OsHxtbI7WVeUEozgR/g7rd0xUimYNlvZRE/K2MgZTjWy725IfelLeVcEM97mmtRGXw==
  dependencies:
    binary-extensions "^2.0.0"

is-extglob@^2.1.1:
  version "2.1.1"
  resolved "https://registry.npmjs.org/is-extglob/-/is-extglob-2.1.1.tgz"
  integrity sha1-qIwCU1eR8C7TfHahueqXc8gz+MI=

is-glob@^4.0.1, is-glob@~4.0.1:
  version "4.0.3"
  resolved "https://registry.npmjs.org/is-glob/-/is-glob-4.0.3.tgz"
  integrity sha512-xelSayHH36ZgE7ZWhli7pW34hNbNl8Ojv5KVmkJD4hBdD3th8Tfk9vYasLM+mXWOZhFkgZfxhLSnrwRr4elSSg==
  dependencies:
    is-extglob "^2.1.1"

is-number@^7.0.0:
  version "7.0.0"
  resolved "https://registry.npmjs.org/is-number/-/is-number-7.0.0.tgz"
  integrity sha512-41Cifkg6e8TylSpdtTpeLVMqvSBEVzTttHvERD741+pnZ8ANv0004MRL43QKPDlK9cGvNp6NZWZUBlbGXYxxng==

js-yaml@^3.14.0:
  version "3.14.0"
  resolved "https://registry.npmjs.org/js-yaml/-/js-yaml-3.14.0.tgz"
  integrity sha512-/4IbIeHcD9VMHFqDR/gQ7EdZdLimOvW2DdcxFjdyyZ9NsbS+ccrXqVWDtab/lRl5AlUqmpBx8EhPaWR+OtY17A==
  dependencies:
    argparse "^1.0.7"
    esprima "^4.0.0"

jsonc-parser@^2.3.0:
  version "2.3.1"
  resolved "https://registry.npmjs.org/jsonc-parser/-/jsonc-parser-2.3.1.tgz"
  integrity sha512-H8jvkz1O50L3dMZCsLqiuB2tA7muqbSg1AtGEkN0leAqGjsUzDJir3Zwr02BhqdcITPg3ei3mZ+HjMocAknhhg==

lodash@^4.17.21:
  version "4.17.21"
  resolved "https://registry.npmjs.org/lodash/-/lodash-4.17.21.tgz"
  integrity sha512-v2kDEe57lecTulaDIuNTPy3Ry4gLGJ6Z1O3vE1krgXZNrsQ+LFTGHVxVjcXPs17LhbZVGedAJv8XZ1tvj5FvSg==

lower-case@^2.0.2:
  version "2.0.2"
  resolved "https://registry.npmjs.org/lower-case/-/lower-case-2.0.2.tgz"
  integrity sha512-7fm3l3NAF9WfN6W3JOmf5drwpVqX78JtoGJ3A6W0a6ZnldM41w2fV5D490psKFTpMds8TJse/eHLFFsNHHjHgg==
  dependencies:
    tslib "^2.0.3"

magic-string@^0.25.7:
  version "0.25.9"
  resolved "https://registry.npmjs.org/magic-string/-/magic-string-0.25.9.tgz"
  integrity sha512-RmF0AsMzgt25qzqqLc1+MbHmhdx0ojF2Fvs4XnOqz2ZOBXzzkEwc/dJQZCYHAn7v1jbVOjAZfK8msRn4BxO4VQ==
  dependencies:
    sourcemap-codec "^1.4.8"

merge2@^1.3.0:
  version "1.4.1"
  resolved "https://registry.npmjs.org/merge2/-/merge2-1.4.1.tgz"
  integrity sha512-8q7VEgMJW4J8tcfVPy8g09NcQwZdbwFEqhe/WZkoIzjn/3TGDwtOCYtXGxA3O8tPzpczCCDgv+P2P5y00ZJOOg==

micromatch@^4.0.4:
  version "4.0.5"
  resolved "https://registry.npmjs.org/micromatch/-/micromatch-4.0.5.tgz"
  integrity sha512-DMy+ERcEW2q8Z2Po+WNXuw3c5YaUSFjAO5GsJqfEl7UjvtIuFKO6ZrKvcItdy98dwFI2N1tg3zNIdKaQT+aNdA==
  dependencies:
    braces "^3.0.2"
    picomatch "^2.3.1"

min-indent@^1.0.0:
  version "1.0.1"
  resolved "https://registry.npmjs.org/min-indent/-/min-indent-1.0.1.tgz"
  integrity sha512-I9jwMn07Sy/IwOj3zVkVik2JTvgpaykDZEigL6Rx6N9LbMywwUSMtxET+7lVoDLLd3O3IXwJwvuuns8UB/HeAg==

minimatch@^3.0.4:
  version "3.0.4"
  resolved "https://registry.npmjs.org/minimatch/-/minimatch-3.0.4.tgz"
  integrity sha512-yJHVQEhyqPLUTgt9B83PXu6W3rx4MvvHvSUvToogpwoGDOUQ+yDrR0HRot+yOCdCO7u4hX3pWft6kWBBcqh0UA==
  dependencies:
    brace-expansion "^1.1.7"

minimist@^1.2.0, minimist@^1.2.5:
  version "1.2.5"
  resolved "https://registry.npmjs.org/minimist/-/minimist-1.2.5.tgz"
  integrity sha512-FM9nNUYrRBAELZQT3xeZQ7fmMOBg6nWNmJKTcgsJeaLstP/UODVpGsr5OhXhhXg6f+qtJ8uiZ+PUxkDWcgIXLw==

mkdirp@^0.5.1:
  version "0.5.5"
  resolved "https://registry.npmjs.org/mkdirp/-/mkdirp-0.5.5.tgz"
  integrity sha512-NKmAlESf6jMGym1++R0Ra7wvhV+wFW63FaSOFPwRahvea0gMUcGUhVeAg/0BC0wiv9ih5NYPB1Wn1UEI1/L+xQ==
  dependencies:
    minimist "^1.2.5"

no-case@^3.0.4:
  version "3.0.4"
  resolved "https://registry.npmjs.org/no-case/-/no-case-3.0.4.tgz"
  integrity sha512-fgAN3jGAh+RoxUGZHTSOLJIqUc2wmoBwGR4tbpNAKmmovFoWq0OdRkb0VkldReO2a2iBT/OEulG9XSUc10r3zg==
  dependencies:
    lower-case "^2.0.2"
    tslib "^2.0.3"

normalize-path@^3.0.0, normalize-path@~3.0.0:
  version "3.0.0"
  resolved "https://registry.npmjs.org/normalize-path/-/normalize-path-3.0.0.tgz"
  integrity sha512-6eZs5Ls3WtCisHWp9S2GUy8dqkpGi4BVSz3GaqiE6ezub0512ESztXUwUB6C6IKbQkY2Pnb/mD4WYojCRwcwLA==

once@^1.3.0:
  version "1.4.0"
  resolved "https://registry.npmjs.org/once/-/once-1.4.0.tgz"
  integrity sha1-WDsap3WWHUsROsF9nFC6753Xa9E=
  dependencies:
    wrappy "1"

pascal-case@^3.1.1:
  version "3.1.2"
  resolved "https://registry.npmjs.org/pascal-case/-/pascal-case-3.1.2.tgz"
  integrity sha512-uWlGT3YSnK9x3BQJaOdcZwrnV6hPpd8jFH1/ucpiLRPh/2zCVJKS19E4GvYHvaCcACn3foXZ0cLB9Wrx1KGe5g==
  dependencies:
    no-case "^3.0.4"
    tslib "^2.0.3"

path-is-absolute@^1.0.0:
  version "1.0.1"
  resolved "https://registry.npmjs.org/path-is-absolute/-/path-is-absolute-1.0.1.tgz"
  integrity sha1-F0uSaHNVNP+8es5r9TpanhtcX18=

picomatch@^2.0.4, picomatch@^2.2.1, picomatch@^2.3.1:
  version "2.3.1"
  resolved "https://registry.npmjs.org/picomatch/-/picomatch-2.3.1.tgz"
  integrity sha512-JU3teHTNjmE2VCGFzuY8EXzCDVwEqB2a8fsIvwaStHhAWJEeVd1o1QD80CU6+ZdEXXSLbSsuLwJjkCBWqRQUVA==

prettier-plugin-svelte@~2.7.0:
  version "2.7.0"
  resolved "https://registry.npmjs.org/prettier-plugin-svelte/-/prettier-plugin-svelte-2.7.0.tgz"
  integrity sha512-fQhhZICprZot2IqEyoiUYLTRdumULGRvw0o4dzl5jt0jfzVWdGqeYW27QTWAeXhoupEZJULmNoH3ueJwUWFLIA==

prettier@2.5.1:
  version "2.5.1"
  resolved "https://registry.npmjs.org/prettier/-/prettier-2.5.1.tgz"
  integrity sha512-vBZcPRUR5MZJwoyi3ZoyQlc1rXeEck8KgeC9AwwOn+exuxLxq5toTRDTSaVrXHxelDMHy9zlicw8u66yxoSUFg==

queue-microtask@^1.2.2:
  version "1.2.3"
  resolved "https://registry.npmjs.org/queue-microtask/-/queue-microtask-1.2.3.tgz"
  integrity sha512-NuaNSa6flKT5JaSYQzJok04JzTL1CA6aGhv5rfLW3PgqA+M2ChpZQnAC8h8i4ZFkBS8X5RqkDBHA7r4hej3K9A==

readdirp@~3.6.0:
  version "3.6.0"
  resolved "https://registry.npmjs.org/readdirp/-/readdirp-3.6.0.tgz"
  integrity sha512-hOS089on8RduqdbhvQ5Z37A0ESjsqz6qnRcffsMU3495FuTdqSm+7bhJ29JvIOsBDEEnan5DPu9t3To9VRlMzA==
  dependencies:
    picomatch "^2.2.1"

reusify@^1.0.4:
  version "1.0.4"
  resolved "https://registry.npmjs.org/reusify/-/reusify-1.0.4.tgz"
  integrity sha512-U9nH88a3fc/ekCF1l0/UP1IosiuIjyTh7hBvXVMHYgVcfGvt897Xguj2UOLDeI5BG2m7/uwyaLVT6fbtCwTyzw==

rimraf@^2.5.2:
  version "2.7.1"
  resolved "https://registry.npmjs.org/rimraf/-/rimraf-2.7.1.tgz"
  integrity sha512-uWjbaKIK3T1OSVptzX7Nl6PvQ3qAGtKEtVRjRuazjfL3Bx5eI409VZSqgND+4UNnmzLVdPj9FqFJNPqBZFve4w==
  dependencies:
    glob "^7.1.3"

rimraf@^3.0.2:
  version "3.0.2"
  resolved "https://registry.npmjs.org/rimraf/-/rimraf-3.0.2.tgz"
  integrity sha512-JZkJMZkAGFFPP2YqXZXPbMlMBgsxzE8ILs4lMIX/2o0L9UBw9O/Y3o6wFw/i9YLapcUJWwqbi3kdxIPdC62TIA==
  dependencies:
    glob "^7.1.3"

run-parallel@^1.1.9:
  version "1.2.0"
  resolved "https://registry.npmjs.org/run-parallel/-/run-parallel-1.2.0.tgz"
  integrity sha512-5l4VyZR86LZ/lDxZTR6jqL8AFE2S0IFLMP26AbjsLVADxHdhB/c0GUsH+y39UfCi3dzz8OlQuPmnaJOMoDHQBA==
  dependencies:
    queue-microtask "^1.2.2"

sander@^0.5.0:
  version "0.5.1"
  resolved "https://registry.npmjs.org/sander/-/sander-0.5.1.tgz"
  integrity sha1-dB4kXiMfB8r7b98PEzrfohalAq0=
  dependencies:
    es6-promise "^3.1.2"
    graceful-fs "^4.1.3"
    mkdirp "^0.5.1"
    rimraf "^2.5.2"

sorcery@^0.10.0:
  version "0.10.0"
  resolved "https://registry.npmjs.org/sorcery/-/sorcery-0.10.0.tgz"
  integrity sha1-iukK19fLBfxZ8asMY3hF1cFaUrc=
  dependencies:
    buffer-crc32 "^0.2.5"
    minimist "^1.2.0"
    sander "^0.5.0"
    sourcemap-codec "^1.3.0"

source-map@^0.7.3:
  version "0.7.3"
  resolved "https://registry.npmjs.org/source-map/-/source-map-0.7.3.tgz"
  integrity sha512-CkCj6giN3S+n9qrYiBTX5gystlENnRW5jZeNLHpe6aue+SrHcG5VYwujhW9s4dY31mEGsxBDrHR6oI69fTXsaQ==

sourcemap-codec@^1.3.0, sourcemap-codec@^1.4.8:
  version "1.4.8"
  resolved "https://registry.npmjs.org/sourcemap-codec/-/sourcemap-codec-1.4.8.tgz"
  integrity sha512-9NykojV5Uih4lgo5So5dtw+f0JgJX30KCNI8gwhz2J9A15wD0Ml6tjHKwf6fTSa6fAdVBdZeNOs9eJ71qCk8vA==

sprintf-js@~1.0.2:
  version "1.0.3"
  resolved "https://registry.npmjs.org/sprintf-js/-/sprintf-js-1.0.3.tgz"
  integrity sha1-BOaSb2YolTVPPdAVIDYzuFcpfiw=

strip-indent@^3.0.0:
  version "3.0.0"
  resolved "https://registry.npmjs.org/strip-indent/-/strip-indent-3.0.0.tgz"
  integrity sha512-laJTa3Jb+VQpaC6DseHhF7dXVqHTfJPCRDaEbid/drOhgitgYku/letMUqOXFoWV0zIIUbjpdH2t+tYj4bQMRQ==
  dependencies:
    min-indent "^1.0.0"

svelte-language-server@^0.14.26:
  version "0.14.26"
  resolved "https://registry.npmjs.org/svelte-language-server/-/svelte-language-server-0.14.26.tgz"
  integrity sha512-U4pJ0ISruXQ6z+4++szyN2fsapa9/usVb1UlPC0p6sPfWfmQgFlR4125zWsMr0nl1ScsYa8VdEweQlk7mrq6zw==
  dependencies:
    chokidar "^3.4.1"
    estree-walker "^2.0.1"
    fast-glob "^3.2.7"
    lodash "^4.17.21"
    prettier "2.5.1"
    prettier-plugin-svelte "~2.7.0"
    source-map "^0.7.3"
    svelte "^3.47.0"
    svelte-preprocess "~4.10.1"
    svelte2tsx "~0.5.0"
    typescript "*"
    vscode-css-languageservice "~5.1.0"
    vscode-emmet-helper "~2.6.0"
    vscode-html-languageservice "~4.1.0"
    vscode-languageserver "7.1.0-next.4"
    vscode-languageserver-protocol "3.16.0"
    vscode-languageserver-types "3.16.0"
    vscode-uri "~3.0.0"

svelte-preprocess@~4.10.1:
  version "4.10.6"
  resolved "https://registry.npmjs.org/svelte-preprocess/-/svelte-preprocess-4.10.6.tgz"
  integrity sha512-I2SV1w/AveMvgIQlUF/ZOO3PYVnhxfcpNyGt8pxpUVhPfyfL/CZBkkw/KPfuFix5FJ9TnnNYMhACK3DtSaYVVQ==
  dependencies:
    "@types/pug" "^2.0.4"
    "@types/sass" "^1.16.0"
    detect-indent "^6.0.0"
    magic-string "^0.25.7"
    sorcery "^0.10.0"
    strip-indent "^3.0.0"

svelte2tsx@~0.4.0:
  version "0.4.6"
  resolved "https://registry.npmjs.org/svelte2tsx/-/svelte2tsx-0.4.6.tgz"
  integrity sha512-flljgh/MbJDijo6Z1HhCfyzdRgn1Nd7QTuuxk9Oq5CzyBXZl/NJYh4otZZwUHnx5poy8k7Oxr2CBE3IBh89tmQ==
  dependencies:
    dedent-js "^1.0.1"
    pascal-case "^3.1.1"

svelte2tsx@~0.5.0:
  version "0.5.9"
  resolved "https://registry.npmjs.org/svelte2tsx/-/svelte2tsx-0.5.9.tgz"
  integrity sha512-xTDASjlh+rKo4QRhTRYSH87sS7fRoyX67xhGIMPKa3FYqftRHRmMes6nVgEskiuhBovslNHYYpMMg5YM5n/STg==
  dependencies:
    dedent-js "^1.0.1"
    pascal-case "^3.1.1"

svelte@^3.47.0:
  version "3.47.0"
  resolved "https://registry.npmjs.org/svelte/-/svelte-3.47.0.tgz"
  integrity sha512-4JaJp3HEoTCGARRWZQIZDUanhYv0iyoHikklVHVLH9xFE9db22g4TDv7CPeNA8HD1JgjXI1vlhR1JZvvhaTu2Q==

to-regex-range@^5.0.1:
  version "5.0.1"
  resolved "https://registry.npmjs.org/to-regex-range/-/to-regex-range-5.0.1.tgz"
  integrity sha512-65P7iz6X5yEr1cwcgvQxbbIw7Uk3gOy5dIdtZ4rDveLqhrdJP+Li/Hx6tyK0NEb+2GCyneCMJiGqrADCSNk8sQ==
  dependencies:
    is-number "^7.0.0"

tslib@^2.0.3:
  version "2.3.1"
  resolved "https://registry.npmjs.org/tslib/-/tslib-2.3.1.tgz"
  integrity sha512-77EbyPPpMz+FRFRuAFlWMtmgUWGe9UOG2Z25NqCwiIjRhOf5iKGuzSe5P2w1laq+FkRy4p+PCuVkJSGkzTEKVw==

typescript-svelte-plugin@^0.2.4:
  version "0.2.4"
  resolved "https://registry.npmjs.org/typescript-svelte-plugin/-/typescript-svelte-plugin-0.2.4.tgz"
  integrity sha512-p6X58SWVYXuAubFIYJ4Qfvj2HjO9S33VEDzy3K4WGdwlqc/yX5oGsLSPgKKuFLbQfAep1BfinGBpw3Es3UkH3g==
  dependencies:
    sourcemap-codec "^1.4.8"
    svelte2tsx "~0.4.0"

typescript@*, typescript@^4.4.3:
  version "4.4.3"
  resolved "https://registry.npmjs.org/typescript/-/typescript-4.4.3.tgz"
  integrity sha512-4xfscpisVgqqDfPaJo5vkd+Qd/ItkoagnHpufr+i2QCHBsNYp+G7UAoyFl8aPtx879u38wPV65rZ8qbGZijalA==

vscode-css-languageservice@~5.1.0:
  version "5.1.9"
  resolved "https://registry.npmjs.org/vscode-css-languageservice/-/vscode-css-languageservice-5.1.9.tgz"
  integrity sha512-/tFOWeZBL3Oc9Zc+2MAi3rEwiXJTSZsvjB+M7nSjWLbGPUIjukUA7YzLgsBoUfR35sPJYnXWUkL56PdfIYM8GA==
  dependencies:
    vscode-languageserver-textdocument "^1.0.1"
    vscode-languageserver-types "^3.16.0"
    vscode-nls "^5.0.0"
    vscode-uri "^3.0.2"

vscode-emmet-helper@~2.6.0:
  version "2.6.4"
  resolved "https://registry.npmjs.org/vscode-emmet-helper/-/vscode-emmet-helper-2.6.4.tgz"
  integrity sha512-fP0nunW1RUWEKGf4gqiYLOVNFFGXSRHjCl0pikxtwCFlty8WwimM+RBJ5o0aIiwerrYD30HqeaVyvDW027Sseg==
  dependencies:
    emmet "^2.3.0"
    jsonc-parser "^2.3.0"
    vscode-languageserver-textdocument "^1.0.1"
    vscode-languageserver-types "^3.15.1"
    vscode-nls "^5.0.0"
    vscode-uri "^2.1.2"

vscode-html-languageservice@~4.1.0:
  version "4.1.1"
  resolved "https://registry.npmjs.org/vscode-html-languageservice/-/vscode-html-languageservice-4.1.1.tgz"
  integrity sha512-rrDyCiOgMwOPgchpPGAeLzjYVVEW/Ror2/a1BWUEI3S9+NQhA9vj4SQkzmH6g2Bq9S9SV0OQeadD+xphOf1N3w==
  dependencies:
    vscode-languageserver-textdocument "^1.0.1"
    vscode-languageserver-types "^3.16.0"
    vscode-nls "^5.0.0"
    vscode-uri "^3.0.2"

vscode-jsonrpc@6.0.0:
  version "6.0.0"
  resolved "https://registry.npmjs.org/vscode-jsonrpc/-/vscode-jsonrpc-6.0.0.tgz"
  integrity sha512-wnJA4BnEjOSyFMvjZdpiOwhSq9uDoK8e/kpRJDTaMYzwlkrhG1fwDIZI94CLsLzlCK5cIbMMtFlJlfR57Lavmg==

vscode-jsonrpc@6.1.0-next.2:
  version "6.1.0-next.2"
  resolved "https://registry.npmjs.org/vscode-jsonrpc/-/vscode-jsonrpc-6.1.0-next.2.tgz"
  integrity sha512-nkiNDGI+Ytp7uj1lxHXddXCoEunhcry1D+KmVHBfUUgWT9jMF8ZJyH5KQObdF+OGAh7bXZxD/SV4uGwSCeHHWA==

vscode-languageserver-protocol@3.16.0, vscode-languageserver-protocol@^3.16.0:
  version "3.16.0"
  resolved "https://registry.npmjs.org/vscode-languageserver-protocol/-/vscode-languageserver-protocol-3.16.0.tgz"
  integrity sha512-sdeUoAawceQdgIfTI+sdcwkiK2KU+2cbEYA0agzM2uqaUy2UpnnGHtWTHVEtS0ES4zHU0eMFRGN+oQgDxlD66A==
  dependencies:
    vscode-jsonrpc "6.0.0"
    vscode-languageserver-types "3.16.0"

vscode-languageserver-protocol@3.17.0-next.5:
  version "3.17.0-next.5"
  resolved "https://registry.npmjs.org/vscode-languageserver-protocol/-/vscode-languageserver-protocol-3.17.0-next.5.tgz"
  integrity sha512-LFZ6WMB3iPezQAU9OnGoERzcIVKhcs0OLfD/NHcqSj3g1wgxuLUL5kSlZbbjFySQCmhzm6b0yb3hjTSeBtq1+w==
  dependencies:
    vscode-jsonrpc "6.1.0-next.2"
    vscode-languageserver-types "3.17.0-next.1"

vscode-languageserver-textdocument@^1.0.1:
  version "1.0.4"
  resolved "https://registry.npmjs.org/vscode-languageserver-textdocument/-/vscode-languageserver-textdocument-1.0.4.tgz"
  integrity sha512-/xhqXP/2A2RSs+J8JNXpiiNVvvNM0oTosNVmQnunlKvq9o4mupHOBAnnzH0lwIPKazXKvAKsVp1kr+H/K4lgoQ==

vscode-languageserver-types@3.16.0, vscode-languageserver-types@^3.15.1, vscode-languageserver-types@^3.16.0:
  version "3.16.0"
  resolved "https://registry.npmjs.org/vscode-languageserver-types/-/vscode-languageserver-types-3.16.0.tgz"
  integrity sha512-k8luDIWJWyenLc5ToFQQMaSrqCHiLwyKPHKPQZ5zz21vM+vIVUSvsRpcbiECH4WR88K2XZqc4ScRcZ7nk/jbeA==

vscode-languageserver-types@3.17.0-next.1:
  version "3.17.0-next.1"
  resolved "https://registry.npmjs.org/vscode-languageserver-types/-/vscode-languageserver-types-3.17.0-next.1.tgz"
  integrity sha512-VGzh06oynbYa6JbTKUbxOEZN7CYEtWhN7DK5wfzUpeCJl8X8xZX39g2PVfpqXrIEduu7dcJgK007KgnX9tHNKA==

vscode-languageserver@7.1.0-next.4:
  version "7.1.0-next.4"
  resolved "https://registry.npmjs.org/vscode-languageserver/-/vscode-languageserver-7.1.0-next.4.tgz"
  integrity sha512-/65lxR/CuLJoOdzTjOTYUPWS7k5qzaWese4PObnWc6jwLryUrSa7DslYfaRXigh5/xr1nlaUZCcJwkpgM0wFvw==
  dependencies:
    vscode-languageserver-protocol "3.17.0-next.5"

vscode-nls@^5.0.0:
  version "5.0.0"
  resolved "https://registry.npmjs.org/vscode-nls/-/vscode-nls-5.0.0.tgz"
  integrity sha512-u0Lw+IYlgbEJFF6/qAqG2d1jQmJl0eyAGJHoAJqr2HT4M2BNuQYSEiSE75f52pXHSJm8AlTjnLLbBFPrdz2hpA==

vscode-uri@^2.1.2:
  version "2.1.2"
  resolved "https://registry.npmjs.org/vscode-uri/-/vscode-uri-2.1.2.tgz"
  integrity sha512-8TEXQxlldWAuIODdukIb+TR5s+9Ds40eSJrw+1iDDA9IFORPjMELarNQE3myz5XIkWWpdprmJjm1/SxMlWOC8A==

vscode-uri@^3.0.2, vscode-uri@~3.0.0:
  version "3.0.3"
  resolved "https://registry.npmjs.org/vscode-uri/-/vscode-uri-3.0.3.tgz"
  integrity sha512-EcswR2S8bpR7fD0YPeS7r2xXExrScVMxg4MedACaWHEtx9ftCF/qHG1xGkolzTPcEmjTavCQgbVzHUIdTMzFGA==

wrappy@1:
  version "1.0.2"
  resolved "https://registry.npmjs.org/wrappy/-/wrappy-1.0.2.tgz"
  integrity sha1-tSQ9jz7BqjXxNkYFvA0QNuMKtp8=
